
Microsoft Visual Studio Solution File, Format Version 12.00
# Visual Studio Version 16
VisualStudioVersion = 16.0.30413.136
MinimumVisualStudioVersion = 10.0.40219.1
Project("{FAE04EC0-301F-11D3-BF4B-00C04F79EFBC}") = "WhileAndArray", "WhileAndArray\WhileAndArray.csproj", "{917CC0DF-C84D-4573-9EB9-3A08C395B701}"
EndProject
Project("{FAE04EC0-301F-11D3-BF4B-00C04F79EFBC}") = "GuessMyColor", "GuessMyColor\GuessMyColor.csproj", "{87BFEB51-1E9B-4407-8519-E7036B3F438D}"
EndProject
Project("{FAE04EC0-301F-11D3-BF4B-00C04F79EFBC}") = "Array", "Array\Array.csproj", "{B7438CF9-0833-4B97-B881-E2465E75A4F0}"
EndProject
Global
	GlobalSection(SolutionConfigurationPlatforms) = preSolution
		Debug|Any CPU = Debug|Any CPU
		Release|Any CPU = Release|Any CPU
	EndGlobalSection
	GlobalSection(ProjectConfigurationPlatforms) = postSolution
		{917CC0DF-C84D-4573-9EB9-3A08C395B701}.Debug|Any CPU.ActiveCfg = Debug|Any CPU
		{917CC0DF-C84D-4573-9EB9-3A08C395B701}.Debug|Any CPU.Build.0 = Debug|Any CPU
		{917CC0DF-C84D-4573-9EB9-3A08C395B701}.Release|Any CPU.ActiveCfg = Release|Any CPU
		{917CC0DF-C84D-4573-9EB9-3A08C395B701}.Release|Any CPU.Build.0 = Release|Any CPU
		{87BFEB51-1E9B-4407-8519-E7036B3F438D}.Debug|Any CPU.ActiveCfg = Debug|Any CPU
		{87BFEB51-1E9B-4407-8519-E7036B3F438D}.Debug|Any CPU.Build.0 = Debug|Any CPU
		{87BFEB51-1E9B-4407-8519-E7036B3F438D}.Release|Any CPU.ActiveCfg = Release|Any CPU
		{87BFEB51-1E9B-4407-8519-E7036B3F438D}.Release|Any CPU.Build.0 = Release|Any CPU
		{B7438CF9-0833-4B97-B881-E2465E75A4F0}.Debug|Any CPU.ActiveCfg = Debug|Any CPU
		{B7438CF9-0833-4B97-B881-E2465E75A4F0}.Debug|Any CPU.Build.0 = Debug|Any CPU
		{B7438CF9-0833-4B97-B881-E2465E75A4F0}.Release|Any CPU.ActiveCfg = Release|Any CPU
		{B7438CF9-0833-4B97-B881-E2465E75A4F0}.Release|Any CPU.Build.0 = Release|Any CPU
	EndGlobalSection
	GlobalSection(SolutionProperties) = preSolution
		HideSolutionNode = FALSE
	EndGlobalSection
	GlobalSection(ExtensibilityGlobals) = postSolution
		SolutionGuid = {E647FA31-A8F6-4FBE-93E6-87D6AA34A1AF}
	EndGlobalSection
EndGlobal
